
Microsoft Visual Studio Solution File, Format Version 12.00
# Visual Studio 15
VisualStudioVersion = 15.0.28307.168
MinimumVisualStudioVersion = 10.0.40219.1
Project("{FAE04EC0-301F-11D3-BF4B-00C04F79EFBC}") = "Loops tutorial", "Loops tutorial\Loops tutorial.csproj", "{74E81433-CEA5-4C80-BFB4-DC48AD40BB4F}"
EndProject
Global
	GlobalSection(SolutionConfigurationPlatforms) = preSolution
		Debug|Any CPU = Debug|Any CPU
		Release|Any CPU = Release|Any CPU
	EndGlobalSection
	GlobalSection(ProjectConfigurationPlatforms) = postSolution
		{74E81433-CEA5-4C80-BFB4-DC48AD40BB4F}.Debug|Any CPU.ActiveCfg = Debug|Any CPU
		{74E81433-CEA5-4C80-BFB4-DC48AD40BB4F}.Debug|Any CPU.Build.0 = Debug|Any CPU
		{74E81433-CEA5-4C80-BFB4-DC48AD40BB4F}.Release|Any CPU.ActiveCfg = Release|Any CPU
		{74E81433-CEA5-4C80-BFB4-DC48AD40BB4F}.Release|Any CPU.Build.0 = Release|Any CPU
	EndGlobalSection
	GlobalSection(SolutionProperties) = preSolution
		HideSolutionNode = FALSE
	EndGlobalSection
	GlobalSection(ExtensibilityGlobals) = postSolution
		SolutionGuid = {A7EF29AD-8F5A-45C4-8828-445F5701A52F}
	EndGlobalSection
EndGlobal
