
Microsoft Visual Studio Solution File, Format Version 12.00
# Visual Studio 15
VisualStudioVersion = 15.0.28307.168
MinimumVisualStudioVersion = 10.0.40219.1
Project("{FAE04EC0-301F-11D3-BF4B-00C04F79EFBC}") = "Inheritance Drill", "Inheritance Drill\Inheritance Drill.csproj", "{5A22DF6C-295F-4130-B888-84E5E50AE5B5}"
EndProject
Global
	GlobalSection(SolutionConfigurationPlatforms) = preSolution
		Debug|Any CPU = Debug|Any CPU
		Release|Any CPU = Release|Any CPU
	EndGlobalSection
	GlobalSection(ProjectConfigurationPlatforms) = postSolution
		{5A22DF6C-295F-4130-B888-84E5E50AE5B5}.Debug|Any CPU.ActiveCfg = Debug|Any CPU
		{5A22DF6C-295F-4130-B888-84E5E50AE5B5}.Debug|Any CPU.Build.0 = Debug|Any CPU
		{5A22DF6C-295F-4130-B888-84E5E50AE5B5}.Release|Any CPU.ActiveCfg = Release|Any CPU
		{5A22DF6C-295F-4130-B888-84E5E50AE5B5}.Release|Any CPU.Build.0 = Release|Any CPU
	EndGlobalSection
	GlobalSection(SolutionProperties) = preSolution
		HideSolutionNode = FALSE
	EndGlobalSection
	GlobalSection(ExtensibilityGlobals) = postSolution
		SolutionGuid = {FFB828CC-2779-4A6A-9710-2A8D3F4C5A4F}
	EndGlobalSection
EndGlobal
