
Microsoft Visual Studio Solution File, Format Version 12.00
# Visual Studio 15
VisualStudioVersion = 15.0.28307.168
MinimumVisualStudioVersion = 10.0.40219.1
Project("{FAE04EC0-301F-11D3-BF4B-00C04F79EFBC}") = "21", "21\21.csproj", "{D2CBCF8E-25AB-4DE0-97CD-EE3764615647}"
EndProject
Global
	GlobalSection(SolutionConfigurationPlatforms) = preSolution
		Debug|Any CPU = Debug|Any CPU
		Release|Any CPU = Release|Any CPU
	EndGlobalSection
	GlobalSection(ProjectConfigurationPlatforms) = postSolution
		{D2CBCF8E-25AB-4DE0-97CD-EE3764615647}.Debug|Any CPU.ActiveCfg = Debug|Any CPU
		{D2CBCF8E-25AB-4DE0-97CD-EE3764615647}.Debug|Any CPU.Build.0 = Debug|Any CPU
		{D2CBCF8E-25AB-4DE0-97CD-EE3764615647}.Release|Any CPU.ActiveCfg = Release|Any CPU
		{D2CBCF8E-25AB-4DE0-97CD-EE3764615647}.Release|Any CPU.Build.0 = Release|Any CPU
	EndGlobalSection
	GlobalSection(SolutionProperties) = preSolution
		HideSolutionNode = FALSE
	EndGlobalSection
	GlobalSection(ExtensibilityGlobals) = postSolution
		SolutionGuid = {134EEACE-717E-4641-9CCD-3F0F0E9B4029}
	EndGlobalSection
EndGlobal
