
Microsoft Visual Studio Solution File, Format Version 12.00
# Visual Studio 15
VisualStudioVersion = 15.0.28307.168
MinimumVisualStudioVersion = 10.0.40219.1
Project("{FAE04EC0-301F-11D3-BF4B-00C04F79EFBC}") = "Overloading Operator", "Overloading Operator\Overloading Operator.csproj", "{B5A60EAB-5E5D-496C-A4CD-00E653FB2871}"
EndProject
Global
	GlobalSection(SolutionConfigurationPlatforms) = preSolution
		Debug|Any CPU = Debug|Any CPU
		Release|Any CPU = Release|Any CPU
	EndGlobalSection
	GlobalSection(ProjectConfigurationPlatforms) = postSolution
		{B5A60EAB-5E5D-496C-A4CD-00E653FB2871}.Debug|Any CPU.ActiveCfg = Debug|Any CPU
		{B5A60EAB-5E5D-496C-A4CD-00E653FB2871}.Debug|Any CPU.Build.0 = Debug|Any CPU
		{B5A60EAB-5E5D-496C-A4CD-00E653FB2871}.Release|Any CPU.ActiveCfg = Release|Any CPU
		{B5A60EAB-5E5D-496C-A4CD-00E653FB2871}.Release|Any CPU.Build.0 = Release|Any CPU
	EndGlobalSection
	GlobalSection(SolutionProperties) = preSolution
		HideSolutionNode = FALSE
	EndGlobalSection
	GlobalSection(ExtensibilityGlobals) = postSolution
		SolutionGuid = {D2403B91-D2A1-4E6A-B489-8EAC599547B6}
	EndGlobalSection
EndGlobal
