
Microsoft Visual Studio Solution File, Format Version 12.00
# Visual Studio 15
VisualStudioVersion = 15.0.28307.168
MinimumVisualStudioVersion = 10.0.40219.1
Project("{FAE04EC0-301F-11D3-BF4B-00C04F79EFBC}") = "CarInsuranceQualification", "CarInsuranceQualification\CarInsuranceQualification.csproj", "{8F4EE3D6-A31E-4C11-8C8F-8B41DF8B3A2E}"
EndProject
Global
	GlobalSection(SolutionConfigurationPlatforms) = preSolution
		Debug|Any CPU = Debug|Any CPU
		Release|Any CPU = Release|Any CPU
	EndGlobalSection
	GlobalSection(ProjectConfigurationPlatforms) = postSolution
		{8F4EE3D6-A31E-4C11-8C8F-8B41DF8B3A2E}.Debug|Any CPU.ActiveCfg = Debug|Any CPU
		{8F4EE3D6-A31E-4C11-8C8F-8B41DF8B3A2E}.Debug|Any CPU.Build.0 = Debug|Any CPU
		{8F4EE3D6-A31E-4C11-8C8F-8B41DF8B3A2E}.Release|Any CPU.ActiveCfg = Release|Any CPU
		{8F4EE3D6-A31E-4C11-8C8F-8B41DF8B3A2E}.Release|Any CPU.Build.0 = Release|Any CPU
	EndGlobalSection
	GlobalSection(SolutionProperties) = preSolution
		HideSolutionNode = FALSE
	EndGlobalSection
	GlobalSection(ExtensibilityGlobals) = postSolution
		SolutionGuid = {AB6302D3-972A-49AB-B9E2-9B845CA1D8D9}
	EndGlobalSection
EndGlobal
