
Microsoft Visual Studio Solution File, Format Version 12.00
# Visual Studio 15
VisualStudioVersion = 15.0.28307.168
MinimumVisualStudioVersion = 10.0.40219.1
Project("{FAE04EC0-301F-11D3-BF4B-00C04F79EFBC}") = "Exception Handling Tutorial", "Exception Handling Tutorial\Exception Handling Tutorial.csproj", "{312296A3-757F-4FF7-9927-7E15CFE78079}"
EndProject
Global
	GlobalSection(SolutionConfigurationPlatforms) = preSolution
		Debug|Any CPU = Debug|Any CPU
		Release|Any CPU = Release|Any CPU
	EndGlobalSection
	GlobalSection(ProjectConfigurationPlatforms) = postSolution
		{312296A3-757F-4FF7-9927-7E15CFE78079}.Debug|Any CPU.ActiveCfg = Debug|Any CPU
		{312296A3-757F-4FF7-9927-7E15CFE78079}.Debug|Any CPU.Build.0 = Debug|Any CPU
		{312296A3-757F-4FF7-9927-7E15CFE78079}.Release|Any CPU.ActiveCfg = Release|Any CPU
		{312296A3-757F-4FF7-9927-7E15CFE78079}.Release|Any CPU.Build.0 = Release|Any CPU
	EndGlobalSection
	GlobalSection(SolutionProperties) = preSolution
		HideSolutionNode = FALSE
	EndGlobalSection
	GlobalSection(ExtensibilityGlobals) = postSolution
		SolutionGuid = {7B33D282-7AA0-430B-9887-B16B3564C746}
	EndGlobalSection
EndGlobal
